
Microsoft Visual Studio Solution File, Format Version 12.00
# Visual Studio Version 16
VisualStudioVersion = 16.0.31624.102
MinimumVisualStudioVersion = 10.0.40219.1
Project("{FAE04EC0-301F-11D3-BF4B-00C04F79EFBC}") = "ConsoleApp1", "ConsoleApp1\ConsoleApp1.csproj", "{C8C901DA-D30F-4058-95C5-B32F47862F5E}"
EndProject
Project("{FAE04EC0-301F-11D3-BF4B-00C04F79EFBC}") = "ConsoleApp1.UnitTests", "Testability.UnitTests\ConsoleApp1.UnitTests.csproj", "{F29FE8D7-E219-444F-ABAB-0D16A1A31A91}"
EndProject
Project("{FAE04EC0-301F-11D3-BF4B-00C04F79EFBC}") = "ClassLibrary1", "ClassLibrary1\ClassLibrary1.csproj", "{F41C505A-8373-4458-A19F-7B085C84EFEC}"
EndProject
Project("{FAE04EC0-301F-11D3-BF4B-00C04F79EFBC}") = "WpfApp1", "WpfApp1\WpfApp1.csproj", "{BE7FD068-C09C-46C3-9ADA-1E5A60E07813}"
EndProject
Global
	GlobalSection(SolutionConfigurationPlatforms) = preSolution
		Debug|Any CPU = Debug|Any CPU
		Release|Any CPU = Release|Any CPU
	EndGlobalSection
	GlobalSection(ProjectConfigurationPlatforms) = postSolution
		{C8C901DA-D30F-4058-95C5-B32F47862F5E}.Debug|Any CPU.ActiveCfg = Debug|Any CPU
		{C8C901DA-D30F-4058-95C5-B32F47862F5E}.Debug|Any CPU.Build.0 = Debug|Any CPU
		{C8C901DA-D30F-4058-95C5-B32F47862F5E}.Release|Any CPU.ActiveCfg = Release|Any CPU
		{C8C901DA-D30F-4058-95C5-B32F47862F5E}.Release|Any CPU.Build.0 = Release|Any CPU
		{F29FE8D7-E219-444F-ABAB-0D16A1A31A91}.Debug|Any CPU.ActiveCfg = Debug|Any CPU
		{F29FE8D7-E219-444F-ABAB-0D16A1A31A91}.Debug|Any CPU.Build.0 = Debug|Any CPU
		{F29FE8D7-E219-444F-ABAB-0D16A1A31A91}.Release|Any CPU.ActiveCfg = Release|Any CPU
		{F29FE8D7-E219-444F-ABAB-0D16A1A31A91}.Release|Any CPU.Build.0 = Release|Any CPU
		{F41C505A-8373-4458-A19F-7B085C84EFEC}.Debug|Any CPU.ActiveCfg = Debug|Any CPU
		{F41C505A-8373-4458-A19F-7B085C84EFEC}.Debug|Any CPU.Build.0 = Debug|Any CPU
		{F41C505A-8373-4458-A19F-7B085C84EFEC}.Release|Any CPU.ActiveCfg = Release|Any CPU
		{F41C505A-8373-4458-A19F-7B085C84EFEC}.Release|Any CPU.Build.0 = Release|Any CPU
		{BE7FD068-C09C-46C3-9ADA-1E5A60E07813}.Debug|Any CPU.ActiveCfg = Debug|Any CPU
		{BE7FD068-C09C-46C3-9ADA-1E5A60E07813}.Debug|Any CPU.Build.0 = Debug|Any CPU
		{BE7FD068-C09C-46C3-9ADA-1E5A60E07813}.Release|Any CPU.ActiveCfg = Release|Any CPU
		{BE7FD068-C09C-46C3-9ADA-1E5A60E07813}.Release|Any CPU.Build.0 = Release|Any CPU
	EndGlobalSection
	GlobalSection(SolutionProperties) = preSolution
		HideSolutionNode = FALSE
	EndGlobalSection
	GlobalSection(ExtensibilityGlobals) = postSolution
		SolutionGuid = {19DF4152-4B70-40A3-9565-448D6486DFEA}
	EndGlobalSection
EndGlobal
